github.com/go-ruby-resolv/resolv v0.0.0-20260629153520-df410a5796ac h1:Y++tdsBF6lA/cw3c9uQ/ZyQZjP2N3wkA6pLF8a3HnHc=
github.com/go-ruby-resolv/resolv v0.0.0-20260629153520-df410a5796ac/go.mod h1:RD3wPeMjMThQ7QVnB9O15gCllRg+RJhSEJu9DtFaLLQ=
github.com/go-ruby-resolv/resolv v0.0.0-20260717073312-9fce615a7c36 h1:zY5BG7oDm17uAeOtujn/1/UEGXlav0cjXbZy8cQmZ0k=
github.com/go-ruby-resolv/resolv v0.0.0-20260717073312-9fce615a7c36/go.mod h1:RD3wPeMjMThQ7QVnB9O15gCllRg+RJhSEJu9DtFaLLQ=
